// !$*UTF8*$!
{
	archiveVersion = 1;
	classes = {
	};
	objectVersion = 46;
	objects = {

/* Begin PBXBuildFile section */
		9452F0811B1801DC00CAAAC0 /* AppDelegate.swift in Sources */ = {isa = PBXBuildFile; fileRef = 9452F0801B1801DC00CAAAC0 /* AppDelegate.swift */; };
		9452F0831B1801DC00CAAAC0 /* ViewController.swift in Sources */ = {isa = PBXBuildFile; fileRef = 9452F0821B1801DC00CAAAC0 /* ViewController.swift */; };
		9452F0861B1801DC00CAAAC0 /* Main.storyboard in Resources */ = {isa = PBXBuildFile; fileRef = 9452F0841B1801DC00CAAAC0 /* Main.storyboard */; };
		9452F0881B1801DC00CAAAC0 /* Images.xcassets in Resources */ = {isa = PBXBuildFile; fileRef = 9452F0871B1801DC00CAAAC0 /* Images.xcassets */; };
		9452F08B1B1801DC00CAAAC0 /* LaunchScreen.xib in Resources */ = {isa = PBXBuildFile; fileRef = 9452F0891B1801DC00CAAAC0 /* LaunchScreen.xib */; };
		9452F0971B1801DC00CAAAC0 /* _9RedBalloonsTests.swift in Sources */ = {isa = PBXBuildFile; fileRef = 9452F0961B1801DC00CAAAC0 /* _9RedBalloonsTests.swift */; };
		9452F0A11B1801F900CAAAC0 /* RedBalloons.swift in Sources */ = {isa = PBXBuildFile; fileRef = 9452F0A01B1801F900CAAAC0 /* RedBalloons.swift */; };
		9452F0AD1B180A7F00CAAAC0 /* BerlinTVTower.jpg in Resources */ = {isa = PBXBuildFile; fileRef = 9452F0A81B180A7F00CAAAC0 /* BerlinTVTower.jpg */; };
		9452F0AE1B180A7F00CAAAC0 /* RedBalloon1.jpg in Resources */ = {isa = PBXBuildFile; fileRef = 9452F0A91B180A7F00CAAAC0 /* RedBalloon1.jpg */; };
		9452F0AF1B180A7F00CAAAC0 /* RedBalloon2.jpg in Resources */ = {isa = PBXBuildFile; fileRef = 9452F0AA1B180A7F00CAAAC0 /* RedBalloon2.jpg */; };
		9452F0B01B180A7F00CAAAC0 /* RedBalloon3.jpg in Resources */ = {isa = PBXBuildFile; fileRef = 9452F0AB1B180A7F00CAAAC0 /* RedBalloon3.jpg */; };
		9452F0B11B180A7F00CAAAC0 /* RedBalloon4.jpg in Resources */ = {isa = PBXBuildFile; fileRef = 9452F0AC1B180A7F00CAAAC0 /* RedBalloon4.jpg */; };
/* End PBXBuildFile section */

/* Begin PBXContainerItemProxy section */
		9452F0911B1801DC00CAAAC0 /* PBXContainerItemProxy */ = {
			isa = PBXContainerItemProxy;
			containerPortal = 9452F0731B1801DC00CAAAC0 /* Project object */;
			proxyType = 1;
			remoteGlobalIDString = 9452F07A1B1801DC00CAAAC0;
			remoteInfo = 99RedBalloons;
		};
/* End PBXContainerItemProxy section */

/* Begin PBXFileReference section */
		9452F07B1B1801DC00CAAAC0 /* 99RedBalloons.app */ = {isa = PBXFileReference; explicitFileType = wrapper.application; includeInIndex = 0; path = 99RedBalloons.app; sourceTree = BUILT_PRODUCTS_DIR; };
		9452F07F1B1801DC00CAAAC0 /* Info.plist */ = {isa = PBXFileReference; lastKnownFileType = text.plist.xml; path = Info.plist; sourceTree = "<group>"; };
		9452F0801B1801DC00CAAAC0 /* AppDelegate.swift */ = {isa = PBXFileReference; lastKnownFileType = sourcecode.swift; path = AppDelegate.swift; sourceTree = "<group>"; };
		9452F0821B1801DC00CAAAC0 /* ViewController.swift */ = {isa = PBXFileReference; lastKnownFileType = sourcecode.swift; path = ViewController.swift; sourceTree = "<group>"; };
		9452F0851B1801DC00CAAAC0 /* Base */ = {isa = PBXFileReference; lastKnownFileType = file.storyboard; name = Base; path = Base.lproj/Main.storyboard; sourceTree = "<group>"; };
		9452F0871B1801DC00CAAAC0 /* Images.xcassets */ = {isa = PBXFileReference; lastKnownFileType = folder.assetcatalog; path = Images.xcassets; sourceTree = "<group>"; };
		9452F08A1B1801DC00CAAAC0 /* Base */ = {isa = PBXFileReference; lastKnownFileType = file.xib; name = Base; path = Base.lproj/LaunchScreen.xib; sourceTree = "<group>"; };
		9452F0901B1801DC00CAAAC0 /* 99RedBalloonsTests.xctest */ = {isa = PBXFileReference; explicitFileType = wrapper.cfbundle; includeInIndex = 0; path = 99RedBalloonsTests.xctest; sourceTree = BUILT_PRODUCTS_DIR; };
		9452F0951B1801DC00CAAAC0 /* Info.plist */ = {isa = PBXFileReference; lastKnownFileType = text.plist.xml; path = Info.plist; sourceTree = "<group>"; };
		9452F0961B1801DC00CAAAC0 /* _9RedBalloonsTests.swift */ = {isa = PBXFileReference; lastKnownFileType = sourcecode.swift; path = _9RedBalloonsTests.swift; sourceTree = "<group>"; };
		9452F0A01B1801F900CAAAC0 /* RedBalloons.swift */ = {isa = PBXFileReference; fileEncoding = 4; lastKnownFileType = sourcecode.swift; path = RedBalloons.swift; sourceTree = "<group>"; };
		9452F0A81B180A7F00CAAAC0 /* BerlinTVTower.jpg */ = {isa = PBXFileReference; lastKnownFileType = image.jpeg; path = BerlinTVTower.jpg; sourceTree = "<group>"; };
		9452F0A91B180A7F00CAAAC0 /* RedBalloon1.jpg */ = {isa = PBXFileReference; lastKnownFileType = image.jpeg; path = RedBalloon1.jpg; sourceTree = "<group>"; };
		9452F0AA1B180A7F00CAAAC0 /* RedBalloon2.jpg */ = {isa = PBXFileReference; lastKnownFileType = image.jpeg; path = RedBalloon2.jpg; sourceTree = "<group>"; };
		9452F0AB1B180A7F00CAAAC0 /* RedBalloon3.jpg */ = {isa = PBXFileReference; lastKnownFileType = image.jpeg; path = RedBalloon3.jpg; sourceTree = "<group>"; };
		9452F0AC1B180A7F00CAAAC0 /* RedBalloon4.jpg */ = {isa = PBXFileReference; lastKnownFileType = image.jpeg; path = RedBalloon4.jpg; sourceTree = "<group>"; };
/* End PBXFileReference section */

/* Begin PBXFrameworksBuildPhase section */
		9452F0781B1801DC00CAAAC0 /* Frameworks */ = {
			isa = PBXFrameworksBuildPhase;
			buildActionMask = 2147483647;
			files = (
			);
			runOnlyForDeploymentPostprocessing = 0;
		};
		9452F08D1B1801DC00CAAAC0 /* Frameworks */ = {
			isa = PBXFrameworksBuildPhase;
			buildActionMask = 2147483647;
			files = (
			);
			runOnlyForDeploymentPostprocessing = 0;
		};
/* End PBXFrameworksBuildPhase section */

/* Begin PBXGroup section */
		9452F0721B1801DC00CAAAC0 = {
			isa = PBXGroup;
			children = (
				9452F07D1B1801DC00CAAAC0 /* 99RedBalloons */,
				9452F0931B1801DC00CAAAC0 /* 99RedBalloonsTests */,
				9452F07C1B1801DC00CAAAC0 /* Products */,
			);
			sourceTree = "<group>";
		};
		9452F07C1B1801DC00CAAAC0 /* Products */ = {
			isa = PBXGroup;
			children = (
				9452F07B1B1801DC00CAAAC0 /* 99RedBalloons.app */,
				9452F0901B1801DC00CAAAC0 /* 99RedBalloonsTests.xctest */,
			);
			name = Products;
			sourceTree = "<group>";
		};
		9452F07D1B1801DC00CAAAC0 /* 99RedBalloons */ = {
			isa = PBXGroup;
			children = (
				9452F0801B1801DC00CAAAC0 /* AppDelegate.swift */,
				9452F0821B1801DC00CAAAC0 /* ViewController.swift */,
				9452F0841B1801DC00CAAAC0 /* Main.storyboard */,
				9452F0871B1801DC00CAAAC0 /* Images.xcassets */,
				9452F0891B1801DC00CAAAC0 /* LaunchScreen.xib */,
				9452F07E1B1801DC00CAAAC0 /* Supporting Files */,
				9452F0A01B1801F900CAAAC0 /* RedBalloons.swift */,
			);
			path = 99RedBalloons;
			sourceTree = "<group>";
		};
		9452F07E1B1801DC00CAAAC0 /* Supporting Files */ = {
			isa = PBXGroup;
			children = (
				9452F0A71B180A7F00CAAAC0 /* 99RedBalloonsAssets */,
				9452F07F1B1801DC00CAAAC0 /* Info.plist */,
			);
			name = "Supporting Files";
			sourceTree = "<group>";
		};
		9452F0931B1801DC00CAAAC0 /* 99RedBalloonsTests */ = {
			isa = PBXGroup;
			children = (
				9452F0961B1801DC00CAAAC0 /* _9RedBalloonsTests.swift */,
				9452F0941B1801DC00CAAAC0 /* Supporting Files */,
			);
			path = 99RedBalloonsTests;
			sourceTree = "<group>";
		};
		9452F0941B1801DC00CAAAC0 /* Supporting Files */ = {
			isa = PBXGroup;
			children = (
				9452F0951B1801DC00CAAAC0 /* Info.plist */,
			);
			name = "Supporting Files";
			sourceTree = "<group>";
		};
		9452F0A71B180A7F00CAAAC0 /* 99RedBalloonsAssets */ = {
			isa = PBXGroup;
			children = (
				9452F0A81B180A7F00CAAAC0 /* BerlinTVTower.jpg */,
				9452F0A91B180A7F00CAAAC0 /* RedBalloon1.jpg */,
				9452F0AA1B180A7F00CAAAC0 /* RedBalloon2.jpg */,
				9452F0AB1B180A7F00CAAAC0 /* RedBalloon3.jpg */,
				9452F0AC1B180A7F00CAAAC0 /* RedBalloon4.jpg */,
			);
			path = 99RedBalloonsAssets;
			sourceTree = "<group>";
		};
/* End PBXGroup section */

/* Begin PBXNativeTarget section */
		9452F07A1B1801DC00CAAAC0 /* 99RedBalloons */ = {
			isa = PBXNativeTarget;
			buildConfigurationList = 9452F09A1B1801DC00CAAAC0 /* Build configuration list for PBXNativeTarget "99RedBalloons" */;
			buildPhases = (
				9452F0771B1801DC00CAAAC0 /* Sources */,
				9452F0781B1801DC00CAAAC0 /* Frameworks */,
				9452F0791B1801DC00CAAAC0 /* Resources */,
			);
			buildRules = (
			);
			dependencies = (
			);
			name = 99RedBalloons;
			productName = 99RedBalloons;
			productReference = 9452F07B1B1801DC00CAAAC0 /* 99RedBalloons.app */;
			productType = "com.apple.product-type.application";
		};
		9452F08F1B1801DC00CAAAC0 /* 99RedBalloonsTests */ = {
			isa = PBXNativeTarget;
			buildConfigurationList = 9452F09D1B1801DC00CAAAC0 /* Build configuration list for PBXNativeTarget "99RedBalloonsTests" */;
			buildPhases = (
				9452F08C1B1801DC00CAAAC0 /* Sources */,
				9452F08D1B1801DC00CAAAC0 /* Frameworks */,
				9452F08E1B1801DC00CAAAC0 /* Resources */,
			);
			buildRules = (
			);
			dependencies = (
				9452F0921B1801DC00CAAAC0 /* PBXTargetDependency */,
			);
			name = 99RedBalloonsTests;
			productName = 99RedBalloonsTests;
			productReference = 9452F0901B1801DC00CAAAC0 /* 99RedBalloonsTests.xctest */;
			productType = "com.apple.product-type.bundle.unit-test";
		};
/* End PBXNativeTarget section */

/* Begin PBXProject section */
		9452F0731B1801DC00CAAAC0 /* Project object */ = {
			isa = PBXProject;
			attributes = {
				LastUpgradeCheck = 0630;
				ORGANIZATIONNAME = "Ryan Maule";
				TargetAttributes = {
					9452F07A1B1801DC00CAAAC0 = {
						CreatedOnToolsVersion = 6.3.2;
					};
					9452F08F1B1801DC00CAAAC0 = {
						CreatedOnToolsVersion = 6.3.2;
						TestTargetID = 9452F07A1B1801DC00CAAAC0;
					};
				};
			};
			buildConfigurationList = 9452F0761B1801DC00CAAAC0 /* Build configuration list for PBXProject "99RedBalloons" */;
			compatibilityVersion = "Xcode 3.2";
			developmentRegion = English;
			hasScannedForEncodings = 0;
			knownRegions = (
				en,
				Base,
			);
			mainGroup = 9452F0721B1801DC00CAAAC0;
			productRefGroup = 9452F07C1B1801DC00CAAAC0 /* Products */;
			projectDirPath = "";
			projectRoot = "";
			targets = (
				9452F07A1B1801DC00CAAAC0 /* 99RedBalloons */,
				9452F08F1B1801DC00CAAAC0 /* 99RedBalloonsTests */,
			);
		};
/* End PBXProject section */

/* Begin PBXResourcesBuildPhase section */
		9452F0791B1801DC00CAAAC0 /* Resources */ = {
			isa = PBXResourcesBuildPhase;
			buildActionMask = 2147483647;
			files = (
				9452F0AF1B180A7F00CAAAC0 /* RedBalloon2.jpg in Resources */,
				9452F0861B1801DC00CAAAC0 /* Main.storyboard in Resources */,
				9452F0B01B180A7F00CAAAC0 /* RedBalloon3.jpg in Resources */,
				9452F08B1B1801DC00CAAAC0 /* LaunchScreen.xib in Resources */,
				9452F0B11B180A7F00CAAAC0 /* RedBalloon4.jpg in Resources */,
				9452F0881B1801DC00CAAAC0 /* Images.xcassets in Resources */,
				9452F0AE1B180A7F00CAAAC0 /* RedBalloon1.jpg in Resources */,
				9452F0AD1B180A7F00CAAAC0 /* BerlinTVTower.jpg in Resources */,
			);
			runOnlyForDeploymentPostprocessing = 0;
		};
		9452F08E1B1801DC00CAAAC0 /* Resources */ = {
			isa = PBXResourcesBuildPhase;
			buildActionMask = 2147483647;
			files = (
			);
			runOnlyForDeploymentPostprocessing = 0;
		};
/* End PBXResourcesBuildPhase section */

/* Begin PBXSourcesBuildPhase section */
		9452F0771B1801DC00CAAAC0 /* Sources */ = {
			isa = PBXSourcesBuildPhase;
			buildActionMask = 2147483647;
			files = (
				9452F0831B1801DC00CAAAC0 /* ViewController.swift in Sources */,
				9452F0811B1801DC00CAAAC0 /* AppDelegate.swift in Sources */,
				9452F0A11B1801F900CAAAC0 /* RedBalloons.swift in Sources */,
			);
			runOnlyForDeploymentPostprocessing = 0;
		};
		9452F08C1B1801DC00CAAAC0 /* Sources */ = {
			isa = PBXSourcesBuildPhase;
			buildActionMask = 2147483647;
			files = (
				9452F0971B1801DC00CAAAC0 /* _9RedBalloonsTests.swift in Sources */,
			);
			runOnlyForDeploymentPostprocessing = 0;
		};
/* End PBXSourcesBuildPhase section */

/* Begin PBXTargetDependency section */
		9452F0921B1801DC00CAAAC0 /* PBXTargetDependency */ = {
			isa = PBXTargetDependency;
			target = 9452F07A1B1801DC00CAAAC0 /* 99RedBalloons */;
			targetProxy = 9452F0911B1801DC00CAAAC0 /* PBXContainerItemProxy */;
		};
/* End PBXTargetDependency section */

/* Begin PBXVariantGroup section */
		9452F0841B1801DC00CAAAC0 /* Main.storyboard */ = {
			isa = PBXVariantGroup;
			children = (
				9452F0851B1801DC00CAAAC0 /* Base */,
			);
			name = Main.storyboard;
			sourceTree = "<group>";
		};
		9452F0891B1801DC00CAAAC0 /* LaunchScreen.xib */ = {
			isa = PBXVariantGroup;
			children = (
				9452F08A1B1801DC00CAAAC0 /* Base */,
			);
			name = LaunchScreen.xib;
			sourceTree = "<group>";
		};
/* End PBXVariantGroup section */

/* Begin XCBuildConfiguration section */
		9452F0981B1801DC00CAAAC0 /* Debug */ = {
			isa = XCBuildConfiguration;
			buildSettings = {
				ALWAYS_SEARCH_USER_PATHS = NO;
				CLANG_CXX_LANGUAGE_STANDARD = "gnu++0x";
				CLANG_CXX_LIBRARY = "libc++";
				CLANG_ENABLE_MODULES = YES;
				CLANG_ENABLE_OBJC_ARC = YES;
				CLANG_WARN_BOOL_CONVERSION = YES;
				CLANG_WARN_CONSTANT_CONVERSION = YES;
				CLANG_WARN_DIRECT_OBJC_ISA_USAGE = YES_ERROR;
				CLANG_WARN_EMPTY_BODY = YES;
				CLANG_WARN_ENUM_CONVERSION = YES;
				CLANG_WARN_INT_CONVERSION = YES;
				CLANG_WARN_OBJC_ROOT_CLASS = YES_ERROR;
				CLANG_WARN_UNREACHABLE_CODE = YES;
				CLANG_WARN__DUPLICATE_METHOD_MATCH = YES;
				"CODE_SIGN_IDENTITY[sdk=iphoneos*]" = "iPhone Developer";
				COPY_PHASE_STRIP = NO;
				DEBUG_INFORMATION_FORMAT = "dwarf-with-dsym";
				ENABLE_STRICT_OBJC_MSGSEND = YES;
				GCC_C_LANGUAGE_STANDARD = gnu99;
				GCC_DYNAMIC_NO_PIC = NO;
				GCC_NO_COMMON_BLOCKS = YES;
				GCC_OPTIMIZATION_LEVEL = 0;
				GCC_PREPROCESSOR_DEFINITIONS = (
					"DEBUG=1",
					"$(inherited)",
				);
				GCC_SYMBOLS_PRIVATE_EXTERN = NO;
				GCC_WARN_64_TO_32_BIT_CONVERSION = YES;
				GCC_WARN_ABOUT_RETURN_TYPE = YES_ERROR;
				GCC_WARN_UNDECLARED_SELECTOR = YES;
				GCC_WARN_UNINITIALIZED_AUTOS = YES_AGGRESSIVE;
				GCC_WARN_UNUSED_FUNCTION = YES;
				GCC_WARN_UNUSED_VARIABLE = YES;
				IPHONEOS_DEPLOYMENT_TARGET = 8.3;
				MTL_ENABLE_DEBUG_INFO = YES;
				ONLY_ACTIVE_ARCH = YES;
				SDKROOT = iphoneos;
				SWIFT_OPTIMIZATION_LEVEL = "-Onone";
				TARGETED_DEVICE_FAMILY = "1,2";
			};
			name = Debug;
		};
		9452F0991B1801DC00CAAAC0 /* Release */ = {
			isa = XCBuildConfiguration;
			buildSettings = {
				ALWAYS_SEARCH_USER_PATHS = NO;
				CLANG_CXX_LANGUAGE_STANDARD = "gnu++0x";
				CLANG_CXX_LIBRARY = "libc++";
				CLANG_ENABLE_MODULES = YES;
				CLANG_ENABLE_OBJC_ARC = YES;
				CLANG_WARN_BOOL_CONVERSION = YES;
				CLANG_WARN_CONSTANT_CONVERSION = YES;
				CLANG_WARN_DIRECT_OBJC_ISA_USAGE = YES_ERROR;
				CLANG_WARN_EMPTY_BODY = YES;
				CLANG_WARN_ENUM_CONVERSION = YES;
				CLANG_WARN_INT_CONVERSION = YES;
				CLANG_WARN_OBJC_ROOT_CLASS = YES_ERROR;
				CLANG_WARN_UNREACHABLE_CODE = YES;
				CLANG_WARN__DUPLICATE_METHOD_MATCH = YES;
				"CODE_SIGN_IDENTITY[sdk=iphoneos*]" = "iPhone Developer";
				COPY_PHASE_STRIP = NO;
				DEBUG_INFORMATION_FORMAT = "dwarf-with-dsym";
				ENABLE_NS_ASSERTIONS = NO;
				ENABLE_STRICT_OBJC_MSGSEND = YES;
				GCC_C_LANGUAGE_STANDARD = gnu99;
				GCC_NO_COMMON_BLOCKS = YES;
				GCC_WARN_64_TO_32_BIT_CONVERSION = YES;
				GCC_WARN_ABOUT_RETURN_TYPE = YES_ERROR;
				GCC_WARN_UNDECLARED_SELECTOR = YES;
				GCC_WARN_UNINITIALIZED_AUTOS = YES_AGGRESSIVE;
				GCC_WARN_UNUSED_FUNCTION = YES;
				GCC_WARN_UNUSED_VARIABLE = YES;
				IPHONEOS_DEPLOYMENT_TARGET = 8.3;
				MTL_ENABLE_DEBUG_INFO = NO;
				SDKROOT = iphoneos;
				TARGETED_DEVICE_FAMILY = "1,2";
				VALIDATE_PRODUCT = YES;
			};
			name = Release;
		};
		9452F09B1B1801DC00CAAAC0 /* Debug */ = {
			isa = XCBuildConfiguration;
			buildSettings = {
				ASSETCATALOG_COMPILER_APPICON_NAME = AppIcon;
				INFOPLIST_FILE = 99RedBalloons/Info.plist;
				LD_RUNPATH_SEARCH_PATHS = "$(inherited) @executable_path/Frameworks";
				PRODUCT_NAME = "$(TARGET_NAME)";
			};
			name = Debug;
		};
		9452F09C1B1801DC00CAAAC0 /* Release */ = {
			isa = XCBuildConfiguration;
			buildSettings = {
				ASSETCATALOG_COMPILER_APPICON_NAME = AppIcon;
				INFOPLIST_FILE = 99RedBalloons/Info.plist;
				LD_RUNPATH_SEARCH_PATHS = "$(inherited) @executable_path/Frameworks";
				PRODUCT_NAME = "$(TARGET_NAME)";
			};
			name = Release;
		};
		9452F09E1B1801DC00CAAAC0 /* Debug */ = {
			isa = XCBuildConfiguration;
			buildSettings = {
				BUNDLE_LOADER = "$(TEST_HOST)";
				FRAMEWORK_SEARCH_PATHS = (
					"$(SDKROOT)/Developer/Library/Frameworks",
					"$(inherited)",
				);
				GCC_PREPROCESSOR_DEFINITIONS = (
					"DEBUG=1",
					"$(inherited)",
				);
				INFOPLIST_FILE = 99RedBalloonsTests/Info.plist;
				LD_RUNPATH_SEARCH_PATHS = "$(inherited) @executable_path/Frameworks @loader_path/Frameworks";
				PRODUCT_NAME = "$(TARGET_NAME)";
				TEST_HOST = "$(BUILT_PRODUCTS_DIR)/99RedBalloons.app/99RedBalloons";
			};
			name = Debug;
		};
		9452F09F1B1801DC00CAAAC0 /* Release */ = {
			isa = XCBuildConfiguration;
			buildSettings = {
				BUNDLE_LOADER = "$(TEST_HOST)";
				FRAMEWORK_SEARCH_PATHS = (
					"$(SDKROOT)/Developer/Library/Frameworks",
					"$(inherited)",
				);
				INFOPLIST_FILE = 99RedBalloonsTests/Info.plist;
				LD_RUNPATH_SEARCH_PATHS = "$(inherited) @executable_path/Frameworks @loader_path/Frameworks";
				PRODUCT_NAME = "$(TARGET_NAME)";
				TEST_HOST = "$(BUILT_PRODUCTS_DIR)/99RedBalloons.app/99RedBalloons";
			};
			name = Release;
		};
/* End XCBuildConfiguration section */

/* Begin XCConfigurationList section */
		9452F0761B1801DC00CAAAC0 /* Build configuration list for PBXProject "99RedBalloons" */ = {
			isa = XCConfigurationList;
			buildConfigurations = (
				9452F0981B1801DC00CAAAC0 /* Debug */,
				9452F0991B1801DC00CAAAC0 /* Release */,
			);
			defaultConfigurationIsVisible = 0;
			defaultConfigurationName = Release;
		};
		9452F09A1B1801DC00CAAAC0 /* Build configuration list for PBXNativeTarget "99RedBalloons" */ = {
			isa = XCConfigurationList;
			buildConfigurations = (
				9452F09B1B1801DC00CAAAC0 /* Debug */,
				9452F09C1B1801DC00CAAAC0 /* Release */,
			);
			defaultConfigurationIsVisible = 0;
		};
		9452F09D1B1801DC00CAAAC0 /* Build configuration list for PBXNativeTarget "99RedBalloonsTests" */ = {
			isa = XCConfigurationList;
			buildConfigurations = (
				9452F09E1B1801DC00CAAAC0 /* Debug */,
				9452F09F1B1801DC00CAAAC0 /* Release */,
			);
			defaultConfigurationIsVisible = 0;
		};
/* End XCConfigurationList section */
	};
	rootObject = 9452F0731B1801DC00CAAAC0 /* Project object */;
}
